
Microsoft Visual Studio Solution File, Format Version 12.00
# Visual Studio Version 17
VisualStudioVersion = 17.10.35027.167
MinimumVisualStudioVersion = 10.0.40219.1
Project("{FAE04EC0-301F-11D3-BF4B-00C04F79EFBC}") = "Systematiq-Uppgift-3", "Systematiq-Uppgift-3.csproj", "{B40CC3E2-59DB-466D-9CA9-87992949B6A1}"
EndProject
Global
	GlobalSection(SolutionConfigurationPlatforms) = preSolution
		Debug|Any CPU = Debug|Any CPU
		Release|Any CPU = Release|Any CPU
	EndGlobalSection
	GlobalSection(ProjectConfigurationPlatforms) = postSolution
		{B40CC3E2-59DB-466D-9CA9-87992949B6A1}.Debug|Any CPU.ActiveCfg = Debug|Any CPU
		{B40CC3E2-59DB-466D-9CA9-87992949B6A1}.Debug|Any CPU.Build.0 = Debug|Any CPU
		{B40CC3E2-59DB-466D-9CA9-87992949B6A1}.Release|Any CPU.ActiveCfg = Release|Any CPU
		{B40CC3E2-59DB-466D-9CA9-87992949B6A1}.Release|Any CPU.Build.0 = Release|Any CPU
	EndGlobalSection
	GlobalSection(SolutionProperties) = preSolution
		HideSolutionNode = FALSE
	EndGlobalSection
	GlobalSection(ExtensibilityGlobals) = postSolution
		SolutionGuid = {9774320F-5484-4972-9529-8827EA8DAD71}
	EndGlobalSection
EndGlobal
